
Microsoft Visual Studio Solution File, Format Version 11.00
# Visual Studio 2010
Project("{8BC9CEB8-8B4A-11D0-8D11-00A0C91BC942}") = "levelchanger", "levelchanger\levelchanger.vcxproj", "{81075A9D-45B6-46FC-8A1E-931442AB6530}"
EndProject
Global
	GlobalSection(SolutionConfigurationPlatforms) = preSolution
		Debug|Win32 = Debug|Win32
		Release|Win32 = Release|Win32
	EndGlobalSection
	GlobalSection(ProjectConfigurationPlatforms) = postSolution
		{81075A9D-45B6-46FC-8A1E-931442AB6530}.Debug|Win32.ActiveCfg = Debug|Win32
		{81075A9D-45B6-46FC-8A1E-931442AB6530}.Debug|Win32.Build.0 = Debug|Win32
		{81075A9D-45B6-46FC-8A1E-931442AB6530}.Release|Win32.ActiveCfg = Release|Win32
		{81075A9D-45B6-46FC-8A1E-931442AB6530}.Release|Win32.Build.0 = Release|Win32
	EndGlobalSection
	GlobalSection(SolutionProperties) = preSolution
		HideSolutionNode = FALSE
	EndGlobalSection
EndGlobal
